
Microsoft Visual Studio Solution File, Format Version 12.00
# Visual Studio 15
VisualStudioVersion = 15.0.28307.572
MinimumVisualStudioVersion = 10.0.40219.1
Project("{FAE04EC0-301F-11D3-BF4B-00C04F79EFBC}") = "git_example", "git_example\git_example.csproj", "{27ED84D0-B804-4E10-B581-5D020DFC3972}"
EndProject
Global
	GlobalSection(SolutionConfigurationPlatforms) = preSolution
		Debug|Any CPU = Debug|Any CPU
		Release|Any CPU = Release|Any CPU
	EndGlobalSection
	GlobalSection(ProjectConfigurationPlatforms) = postSolution
		{27ED84D0-B804-4E10-B581-5D020DFC3972}.Debug|Any CPU.ActiveCfg = Debug|Any CPU
		{27ED84D0-B804-4E10-B581-5D020DFC3972}.Debug|Any CPU.Build.0 = Debug|Any CPU
		{27ED84D0-B804-4E10-B581-5D020DFC3972}.Release|Any CPU.ActiveCfg = Release|Any CPU
		{27ED84D0-B804-4E10-B581-5D020DFC3972}.Release|Any CPU.Build.0 = Release|Any CPU
	EndGlobalSection
	GlobalSection(SolutionProperties) = preSolution
		HideSolutionNode = FALSE
	EndGlobalSection
	GlobalSection(ExtensibilityGlobals) = postSolution
		SolutionGuid = {AFEEADCB-FB07-4811-8801-F51841B82556}
	EndGlobalSection
EndGlobal
